# This file is automatically @generated by Cargo.
# It is not intended for manual editing.
version = 3

[[package]]
name = "brrrt-vm"
version = "0.1.0"

[[package]]
name = "debugger"
version = "0.1.0"
dependencies = [
 "brrrt-vm",
]

[[package]]
name = "plier"
version = "0.1.0"
dependencies = [
 "brrrt-vm",
]
